
Microsoft Visual Studio Solution File, Format Version 12.00
# Visual Studio Version 17
VisualStudioVersion = 17.14.36127.28
MinimumVisualStudioVersion = 10.0.40219.1
Project("{FAE04EC0-301F-11D3-BF4B-00C04F79EFBC}") = "Retro_grupp_g", "Retro_grupp_g.csproj", "{74490664-4D01-4716-8C2A-CE0D150CC2F6}"
EndProject
Global
	GlobalSection(SolutionConfigurationPlatforms) = preSolution
		Debug|Any CPU = Debug|Any CPU
		Release|Any CPU = Release|Any CPU
	EndGlobalSection
	GlobalSection(ProjectConfigurationPlatforms) = postSolution
		{74490664-4D01-4716-8C2A-CE0D150CC2F6}.Debug|Any CPU.ActiveCfg = Debug|Any CPU
		{74490664-4D01-4716-8C2A-CE0D150CC2F6}.Debug|Any CPU.Build.0 = Debug|Any CPU
		{74490664-4D01-4716-8C2A-CE0D150CC2F6}.Release|Any CPU.ActiveCfg = Release|Any CPU
		{74490664-4D01-4716-8C2A-CE0D150CC2F6}.Release|Any CPU.Build.0 = Release|Any CPU
	EndGlobalSection
	GlobalSection(SolutionProperties) = preSolution
		HideSolutionNode = FALSE
	EndGlobalSection
	GlobalSection(ExtensibilityGlobals) = postSolution
		SolutionGuid = {134D785E-B6C7-4966-9B2C-22980F6009D8}
	EndGlobalSection
EndGlobal
